
Microsoft Visual Studio Solution File, Format Version 12.00
# Visual Studio Version 16
VisualStudioVersion = 16.0.28729.10
MinimumVisualStudioVersion = 10.0.40219.1
Project("{FAE04EC0-301F-11D3-BF4B-00C04F79EFBC}") = "readLine", "readLine\readLine.csproj", "{AA77A4D5-AC7A-4471-A6B6-362E56CDF5CC}"
EndProject
Global
	GlobalSection(SolutionConfigurationPlatforms) = preSolution
		Debug|Any CPU = Debug|Any CPU
		Release|Any CPU = Release|Any CPU
	EndGlobalSection
	GlobalSection(ProjectConfigurationPlatforms) = postSolution
		{AA77A4D5-AC7A-4471-A6B6-362E56CDF5CC}.Debug|Any CPU.ActiveCfg = Debug|Any CPU
		{AA77A4D5-AC7A-4471-A6B6-362E56CDF5CC}.Debug|Any CPU.Build.0 = Debug|Any CPU
		{AA77A4D5-AC7A-4471-A6B6-362E56CDF5CC}.Release|Any CPU.ActiveCfg = Release|Any CPU
		{AA77A4D5-AC7A-4471-A6B6-362E56CDF5CC}.Release|Any CPU.Build.0 = Release|Any CPU
	EndGlobalSection
	GlobalSection(SolutionProperties) = preSolution
		HideSolutionNode = FALSE
	EndGlobalSection
	GlobalSection(ExtensibilityGlobals) = postSolution
		SolutionGuid = {51473E43-5E13-492B-B96B-8ADAA1EFBE13}
	EndGlobalSection
EndGlobal
