
Microsoft Visual Studio Solution File, Format Version 12.00
# Visual Studio Version 16
VisualStudioVersion = 16.0.28729.10
MinimumVisualStudioVersion = 10.0.40219.1
Project("{FAE04EC0-301F-11D3-BF4B-00C04F79EFBC}") = "math2", "math2\math2.csproj", "{C2D631E4-B9C8-4C42-AB8C-44C297173273}"
EndProject
Global
	GlobalSection(SolutionConfigurationPlatforms) = preSolution
		Debug|Any CPU = Debug|Any CPU
		Release|Any CPU = Release|Any CPU
	EndGlobalSection
	GlobalSection(ProjectConfigurationPlatforms) = postSolution
		{C2D631E4-B9C8-4C42-AB8C-44C297173273}.Debug|Any CPU.ActiveCfg = Debug|Any CPU
		{C2D631E4-B9C8-4C42-AB8C-44C297173273}.Debug|Any CPU.Build.0 = Debug|Any CPU
		{C2D631E4-B9C8-4C42-AB8C-44C297173273}.Release|Any CPU.ActiveCfg = Release|Any CPU
		{C2D631E4-B9C8-4C42-AB8C-44C297173273}.Release|Any CPU.Build.0 = Release|Any CPU
	EndGlobalSection
	GlobalSection(SolutionProperties) = preSolution
		HideSolutionNode = FALSE
	EndGlobalSection
	GlobalSection(ExtensibilityGlobals) = postSolution
		SolutionGuid = {0417F260-2396-4D24-9504-B17F96F1EA6F}
	EndGlobalSection
EndGlobal
